// !$*UTF8*$!
{
	archiveVersion = 1;
	classes = {
	};
	objectVersion = 46;
	objects = {

/* Begin PBXBuildFile section */
		2BB3B49E1B14E75E00798910 /* PlaySoundsViewController.swift in Sources */ = {isa = PBXBuildFile; fileRef = 2BB3B49D1B14E75E00798910 /* PlaySoundsViewController.swift */; };
		2BB3B4A01B14F19900798910 /* movie_quote.mp3 in Resources */ = {isa = PBXBuildFile; fileRef = 2BB3B49F1B14F19900798910 /* movie_quote.mp3 */; };
		2BBD84D81B16B62C00854E02 /* RecordedAudio.swift in Sources */ = {isa = PBXBuildFile; fileRef = 2BBD84D71B16B62C00854E02 /* RecordedAudio.swift */; };
		2BDD601A1B067FB60099B4C1 /* AppDelegate.swift in Sources */ = {isa = PBXBuildFile; fileRef = 2BDD60191B067FB60099B4C1 /* AppDelegate.swift */; };
		2BDD601C1B067FB60099B4C1 /* RecordSoundsViewController.swift in Sources */ = {isa = PBXBuildFile; fileRef = 2BDD601B1B067FB60099B4C1 /* RecordSoundsViewController.swift */; };
		2BDD601F1B067FB60099B4C1 /* Main.storyboard in Resources */ = {isa = PBXBuildFile; fileRef = 2BDD601D1B067FB60099B4C1 /* Main.storyboard */; };
		2BDD60211B067FB60099B4C1 /* Images.xcassets in Resources */ = {isa = PBXBuildFile; fileRef = 2BDD60201B067FB60099B4C1 /* Images.xcassets */; };
		2BDD60241B067FB60099B4C1 /* LaunchScreen.xib in Resources */ = {isa = PBXBuildFile; fileRef = 2BDD60221B067FB60099B4C1 /* LaunchScreen.xib */; };
		2BDD60301B067FB60099B4C1 /* Pitch_PerfectTests.swift in Sources */ = {isa = PBXBuildFile; fileRef = 2BDD602F1B067FB60099B4C1 /* Pitch_PerfectTests.swift */; };
/* End PBXBuildFile section */

/* Begin PBXContainerItemProxy section */
		2BDD602A1B067FB60099B4C1 /* PBXContainerItemProxy */ = {
			isa = PBXContainerItemProxy;
			containerPortal = 2BDD600C1B067FB60099B4C1 /* Project object */;
			proxyType = 1;
			remoteGlobalIDString = 2BDD60131B067FB60099B4C1;
			remoteInfo = "Pitch Perfect";
		};
/* End PBXContainerItemProxy section */

/* Begin PBXFileReference section */
		2BB3B49D1B14E75E00798910 /* PlaySoundsViewController.swift */ = {isa = PBXFileReference; fileEncoding = 4; lastKnownFileType = sourcecode.swift; path = PlaySoundsViewController.swift; sourceTree = "<group>"; };
		2BB3B49F1B14F19900798910 /* movie_quote.mp3 */ = {isa = PBXFileReference; lastKnownFileType = audio.mp3; name = movie_quote.mp3; path = ../../../../../../Downloads/movie_quote.mp3; sourceTree = "<group>"; };
		2BBD84D71B16B62C00854E02 /* RecordedAudio.swift */ = {isa = PBXFileReference; fileEncoding = 4; lastKnownFileType = sourcecode.swift; path = RecordedAudio.swift; sourceTree = "<group>"; };
		2BDD60141B067FB60099B4C1 /* Pitch Perfect.app */ = {isa = PBXFileReference; explicitFileType = wrapper.application; includeInIndex = 0; path = "Pitch Perfect.app"; sourceTree = BUILT_PRODUCTS_DIR; };
		2BDD60181B067FB60099B4C1 /* Info.plist */ = {isa = PBXFileReference; lastKnownFileType = text.plist.xml; path = Info.plist; sourceTree = "<group>"; };
		2BDD60191B067FB60099B4C1 /* AppDelegate.swift */ = {isa = PBXFileReference; lastKnownFileType = sourcecode.swift; path = AppDelegate.swift; sourceTree = "<group>"; };
		2BDD601B1B067FB60099B4C1 /* RecordSoundsViewController.swift */ = {isa = PBXFileReference; lastKnownFileType = sourcecode.swift; path = RecordSoundsViewController.swift; sourceTree = "<group>"; };
		2BDD601E1B067FB60099B4C1 /* Base */ = {isa = PBXFileReference; lastKnownFileType = file.storyboard; name = Base; path = Base.lproj/Main.storyboard; sourceTree = "<group>"; };
		2BDD60201B067FB60099B4C1 /* Images.xcassets */ = {isa = PBXFileReference; lastKnownFileType = folder.assetcatalog; path = Images.xcassets; sourceTree = "<group>"; };
		2BDD60231B067FB60099B4C1 /* Base */ = {isa = PBXFileReference; lastKnownFileType = file.xib; name = Base; path = Base.lproj/LaunchScreen.xib; sourceTree = "<group>"; };
		2BDD60291B067FB60099B4C1 /* Pitch PerfectTests.xctest */ = {isa = PBXFileReference; explicitFileType = wrapper.cfbundle; includeInIndex = 0; path = "Pitch PerfectTests.xctest"; sourceTree = BUILT_PRODUCTS_DIR; };
		2BDD602E1B067FB60099B4C1 /* Info.plist */ = {isa = PBXFileReference; lastKnownFileType = text.plist.xml; path = Info.plist; sourceTree = "<group>"; };
		2BDD602F1B067FB60099B4C1 /* Pitch_PerfectTests.swift */ = {isa = PBXFileReference; lastKnownFileType = sourcecode.swift; path = Pitch_PerfectTests.swift; sourceTree = "<group>"; };
/* End PBXFileReference section */

/* Begin PBXFrameworksBuildPhase section */
		2BDD60111B067FB60099B4C1 /* Frameworks */ = {
			isa = PBXFrameworksBuildPhase;
			buildActionMask = 2147483647;
			files = (
			);
			runOnlyForDeploymentPostprocessing = 0;
		};
		2BDD60261B067FB60099B4C1 /* Frameworks */ = {
			isa = PBXFrameworksBuildPhase;
			buildActionMask = 2147483647;
			files = (
			);
			runOnlyForDeploymentPostprocessing = 0;
		};
/* End PBXFrameworksBuildPhase section */

/* Begin PBXGroup section */
		2BDD600B1B067FB60099B4C1 = {
			isa = PBXGroup;
			children = (
				2BDD60161B067FB60099B4C1 /* Pitch Perfect */,
				2BDD602C1B067FB60099B4C1 /* Pitch PerfectTests */,
				2BDD60151B067FB60099B4C1 /* Products */,
			);
			sourceTree = "<group>";
		};
		2BDD60151B067FB60099B4C1 /* Products */ = {
			isa = PBXGroup;
			children = (
				2BDD60141B067FB60099B4C1 /* Pitch Perfect.app */,
				2BDD60291B067FB60099B4C1 /* Pitch PerfectTests.xctest */,
			);
			name = Products;
			sourceTree = "<group>";
		};
		2BDD60161B067FB60099B4C1 /* Pitch Perfect */ = {
			isa = PBXGroup;
			children = (
				2BB3B49F1B14F19900798910 /* movie_quote.mp3 */,
				2BDD60191B067FB60099B4C1 /* AppDelegate.swift */,
				2BDD601B1B067FB60099B4C1 /* RecordSoundsViewController.swift */,
				2BBD84D71B16B62C00854E02 /* RecordedAudio.swift */,
				2BDD601D1B067FB60099B4C1 /* Main.storyboard */,
				2BB3B49D1B14E75E00798910 /* PlaySoundsViewController.swift */,
				2BDD60201B067FB60099B4C1 /* Images.xcassets */,
				2BDD60221B067FB60099B4C1 /* LaunchScreen.xib */,
				2BDD60171B067FB60099B4C1 /* Supporting Files */,
			);
			path = "Pitch Perfect";
			sourceTree = "<group>";
		};
		2BDD60171B067FB60099B4C1 /* Supporting Files */ = {
			isa = PBXGroup;
			children = (
				2BDD60181B067FB60099B4C1 /* Info.plist */,
			);
			name = "Supporting Files";
			sourceTree = "<group>";
		};
		2BDD602C1B067FB60099B4C1 /* Pitch PerfectTests */ = {
			isa = PBXGroup;
			children = (
				2BDD602F1B067FB60099B4C1 /* Pitch_PerfectTests.swift */,
				2BDD602D1B067FB60099B4C1 /* Supporting Files */,
			);
			path = "Pitch PerfectTests";
			sourceTree = "<group>";
		};
		2BDD602D1B067FB60099B4C1 /* Supporting Files */ = {
			isa = PBXGroup;
			children = (
				2BDD602E1B067FB60099B4C1 /* Info.plist */,
			);
			name = "Supporting Files";
			sourceTree = "<group>";
		};
/* End PBXGroup section */

/* Begin PBXNativeTarget section */
		2BDD60131B067FB60099B4C1 /* Pitch Perfect */ = {
			isa = PBXNativeTarget;
			buildConfigurationList = 2BDD60331B067FB60099B4C1 /* Build configuration list for PBXNativeTarget "Pitch Perfect" */;
			buildPhases = (
				2BDD60101B067FB60099B4C1 /* Sources */,
				2BDD60111B067FB60099B4C1 /* Frameworks */,
				2BDD60121B067FB60099B4C1 /* Resources */,
			);
			buildRules = (
			);
			dependencies = (
			);
			name = "Pitch Perfect";
			productName = "Pitch Perfect";
			productReference = 2BDD60141B067FB60099B4C1 /* Pitch Perfect.app */;
			productType = "com.apple.product-type.application";
		};
		2BDD60281B067FB60099B4C1 /* Pitch PerfectTests */ = {
			isa = PBXNativeTarget;
			buildConfigurationList = 2BDD60361B067FB60099B4C1 /* Build configuration list for PBXNativeTarget "Pitch PerfectTests" */;
			buildPhases = (
				2BDD60251B067FB60099B4C1 /* Sources */,
				2BDD60261B067FB60099B4C1 /* Frameworks */,
				2BDD60271B067FB60099B4C1 /* Resources */,
			);
			buildRules = (
			);
			dependencies = (
				2BDD602B1B067FB60099B4C1 /* PBXTargetDependency */,
			);
			name = "Pitch PerfectTests";
			productName = "Pitch PerfectTests";
			productReference = 2BDD60291B067FB60099B4C1 /* Pitch PerfectTests.xctest */;
			productType = "com.apple.product-type.bundle.unit-test";
		};
/* End PBXNativeTarget section */

/* Begin PBXProject section */
		2BDD600C1B067FB60099B4C1 /* Project object */ = {
			isa = PBXProject;
			attributes = {
				LastUpgradeCheck = 0630;
				ORGANIZATIONNAME = "Gil Ferreira";
				TargetAttributes = {
					2BDD60131B067FB60099B4C1 = {
						CreatedOnToolsVersion = 6.3.1;
					};
					2BDD60281B067FB60099B4C1 = {
						CreatedOnToolsVersion = 6.3.1;
						TestTargetID = 2BDD60131B067FB60099B4C1;
					};
				};
			};
			buildConfigurationList = 2BDD600F1B067FB60099B4C1 /* Build configuration list for PBXProject "Pitch Perfect" */;
			compatibilityVersion = "Xcode 3.2";
			developmentRegion = English;
			hasScannedForEncodings = 0;
			knownRegions = (
				en,
				Base,
			);
			mainGroup = 2BDD600B1B067FB60099B4C1;
			productRefGroup = 2BDD60151B067FB60099B4C1 /* Products */;
			projectDirPath = "";
			projectRoot = "";
			targets = (
				2BDD60131B067FB60099B4C1 /* Pitch Perfect */,
				2BDD60281B067FB60099B4C1 /* Pitch PerfectTests */,
			);
		};
/* End PBXProject section */

/* Begin PBXResourcesBuildPhase section */
		2BDD60121B067FB60099B4C1 /* Resources */ = {
			isa = PBXResourcesBuildPhase;
			buildActionMask = 2147483647;
			files = (
				2BDD601F1B067FB60099B4C1 /* Main.storyboard in Resources */,
				2BDD60241B067FB60099B4C1 /* LaunchScreen.xib in Resources */,
				2BB3B4A01B14F19900798910 /* movie_quote.mp3 in Resources */,
				2BDD60211B067FB60099B4C1 /* Images.xcassets in Resources */,
			);
			runOnlyForDeploymentPostprocessing = 0;
		};
		2BDD60271B067FB60099B4C1 /* Resources */ = {
			isa = PBXResourcesBuildPhase;
			buildActionMask = 2147483647;
			files = (
			);
			runOnlyForDeploymentPostprocessing = 0;
		};
/* End PBXResourcesBuildPhase section */

/* Begin PBXSourcesBuildPhase section */
		2BDD60101B067FB60099B4C1 /* Sources */ = {
			isa = PBXSourcesBuildPhase;
			buildActionMask = 2147483647;
			files = (
				2BDD601C1B067FB60099B4C1 /* RecordSoundsViewController.swift in Sources */,
				2BB3B49E1B14E75E00798910 /* PlaySoundsViewController.swift in Sources */,
				2BBD84D81B16B62C00854E02 /* RecordedAudio.swift in Sources */,
				2BDD601A1B067FB60099B4C1 /* AppDelegate.swift in Sources */,
			);
			runOnlyForDeploymentPostprocessing = 0;
		};
		2BDD60251B067FB60099B4C1 /* Sources */ = {
			isa = PBXSourcesBuildPhase;
			buildActionMask = 2147483647;
			files = (
				2BDD60301B067FB60099B4C1 /* Pitch_PerfectTests.swift in Sources */,
			);
			runOnlyForDeploymentPostprocessing = 0;
		};
/* End PBXSourcesBuildPhase section */

/* Begin PBXTargetDependency section */
		2BDD602B1B067FB60099B4C1 /* PBXTargetDependency */ = {
			isa = PBXTargetDependency;
			target = 2BDD60131B067FB60099B4C1 /* Pitch Perfect */;
			targetProxy = 2BDD602A1B067FB60099B4C1 /* PBXContainerItemProxy */;
		};
/* End PBXTargetDependency section */

/* Begin PBXVariantGroup section */
		2BDD601D1B067FB60099B4C1 /* Main.storyboard */ = {
			isa = PBXVariantGroup;
			children = (
				2BDD601E1B067FB60099B4C1 /* Base */,
			);
			name = Main.storyboard;
			sourceTree = "<group>";
		};
		2BDD60221B067FB60099B4C1 /* LaunchScreen.xib */ = {
			isa = PBXVariantGroup;
			children = (
				2BDD60231B067FB60099B4C1 /* Base */,
			);
			name = LaunchScreen.xib;
			sourceTree = "<group>";
		};
/* End PBXVariantGroup section */

/* Begin XCBuildConfiguration section */
		2BDD60311B067FB60099B4C1 /* Debug */ = {
			isa = XCBuildConfiguration;
			buildSettings = {
				ALWAYS_SEARCH_USER_PATHS = NO;
				CLANG_CXX_LANGUAGE_STANDARD = "gnu++0x";
				CLANG_CXX_LIBRARY = "libc++";
				CLANG_ENABLE_MODULES = YES;
				CLANG_ENABLE_OBJC_ARC = YES;
				CLANG_WARN_BOOL_CONVERSION = YES;
				CLANG_WARN_CONSTANT_CONVERSION = YES;
				CLANG_WARN_DIRECT_OBJC_ISA_USAGE = YES_ERROR;
				CLANG_WARN_EMPTY_BODY = YES;
				CLANG_WARN_ENUM_CONVERSION = YES;
				CLANG_WARN_INT_CONVERSION = YES;
				CLANG_WARN_OBJC_ROOT_CLASS = YES_ERROR;
				CLANG_WARN_UNREACHABLE_CODE = YES;
				CLANG_WARN__DUPLICATE_METHOD_MATCH = YES;
				"CODE_SIGN_IDENTITY[sdk=iphoneos*]" = "iPhone Developer";
				COPY_PHASE_STRIP = NO;
				DEBUG_INFORMATION_FORMAT = "dwarf-with-dsym";
				ENABLE_STRICT_OBJC_MSGSEND = YES;
				GCC_C_LANGUAGE_STANDARD = gnu99;
				GCC_DYNAMIC_NO_PIC = NO;
				GCC_NO_COMMON_BLOCKS = YES;
				GCC_OPTIMIZATION_LEVEL = 0;
				GCC_PREPROCESSOR_DEFINITIONS = (
					"DEBUG=1",
					"$(inherited)",
				);
				GCC_SYMBOLS_PRIVATE_EXTERN = NO;
				GCC_WARN_64_TO_32_BIT_CONVERSION = YES;
				GCC_WARN_ABOUT_RETURN_TYPE = YES_ERROR;
				GCC_WARN_UNDECLARED_SELECTOR = YES;
				GCC_WARN_UNINITIALIZED_AUTOS = YES_AGGRESSIVE;
				GCC_WARN_UNUSED_FUNCTION = YES;
				GCC_WARN_UNUSED_VARIABLE = YES;
				IPHONEOS_DEPLOYMENT_TARGET = 8.3;
				MTL_ENABLE_DEBUG_INFO = YES;
				ONLY_ACTIVE_ARCH = YES;
				SDKROOT = iphoneos;
				SWIFT_OPTIMIZATION_LEVEL = "-Onone";
			};
			name = Debug;
		};
		2BDD60321B067FB60099B4C1 /* Release */ = {
			isa = XCBuildConfiguration;
			buildSettings = {
				ALWAYS_SEARCH_USER_PATHS = NO;
				CLANG_CXX_LANGUAGE_STANDARD = "gnu++0x";
				CLANG_CXX_LIBRARY = "libc++";
				CLANG_ENABLE_MODULES = YES;
				CLANG_ENABLE_OBJC_ARC = YES;
				CLANG_WARN_BOOL_CONVERSION = YES;
				CLANG_WARN_CONSTANT_CONVERSION = YES;
				CLANG_WARN_DIRECT_OBJC_ISA_USAGE = YES_ERROR;
				CLANG_WARN_EMPTY_BODY = YES;
				CLANG_WARN_ENUM_CONVERSION = YES;
				CLANG_WARN_INT_CONVERSION = YES;
				CLANG_WARN_OBJC_ROOT_CLASS = YES_ERROR;
				CLANG_WARN_UNREACHABLE_CODE = YES;
				CLANG_WARN__DUPLICATE_METHOD_MATCH = YES;
				"CODE_SIGN_IDENTITY[sdk=iphoneos*]" = "iPhone Developer";
				COPY_PHASE_STRIP = NO;
				DEBUG_INFORMATION_FORMAT = "dwarf-with-dsym";
				ENABLE_NS_ASSERTIONS = NO;
				ENABLE_STRICT_OBJC_MSGSEND = YES;
				GCC_C_LANGUAGE_STANDARD = gnu99;
				GCC_NO_COMMON_BLOCKS = YES;
				GCC_WARN_64_TO_32_BIT_CONVERSION = YES;
				GCC_WARN_ABOUT_RETURN_TYPE = YES_ERROR;
				GCC_WARN_UNDECLARED_SELECTOR = YES;
				GCC_WARN_UNINITIALIZED_AUTOS = YES_AGGRESSIVE;
				GCC_WARN_UNUSED_FUNCTION = YES;
				GCC_WARN_UNUSED_VARIABLE = YES;
				IPHONEOS_DEPLOYMENT_TARGET = 8.3;
				MTL_ENABLE_DEBUG_INFO = NO;
				SDKROOT = iphoneos;
				VALIDATE_PRODUCT = YES;
			};
			name = Release;
		};
		2BDD60341B067FB60099B4C1 /* Debug */ = {
			isa = XCBuildConfiguration;
			buildSettings = {
				ASSETCATALOG_COMPILER_APPICON_NAME = AppIcon;
				INFOPLIST_FILE = "Pitch Perfect/Info.plist";
				LD_RUNPATH_SEARCH_PATHS = "$(inherited) @executable_path/Frameworks";
				PRODUCT_NAME = "$(TARGET_NAME)";
				TARGETED_DEVICE_FAMILY = 1;
			};
			name = Debug;
		};
		2BDD60351B067FB60099B4C1 /* Release */ = {
			isa = XCBuildConfiguration;
			buildSettings = {
				ASSETCATALOG_COMPILER_APPICON_NAME = AppIcon;
				INFOPLIST_FILE = "Pitch Perfect/Info.plist";
				LD_RUNPATH_SEARCH_PATHS = "$(inherited) @executable_path/Frameworks";
				PRODUCT_NAME = "$(TARGET_NAME)";
				TARGETED_DEVICE_FAMILY = 1;
			};
			name = Release;
		};
		2BDD60371B067FB60099B4C1 /* Debug */ = {
			isa = XCBuildConfiguration;
			buildSettings = {
				BUNDLE_LOADER = "$(TEST_HOST)";
				FRAMEWORK_SEARCH_PATHS = (
					"$(SDKROOT)/Developer/Library/Frameworks",
					"$(inherited)",
				);
				GCC_PREPROCESSOR_DEFINITIONS = (
					"DEBUG=1",
					"$(inherited)",
				);
				INFOPLIST_FILE = "Pitch PerfectTests/Info.plist";
				LD_RUNPATH_SEARCH_PATHS = "$(inherited) @executable_path/Frameworks @loader_path/Frameworks";
				PRODUCT_NAME = "$(TARGET_NAME)";
				TEST_HOST = "$(BUILT_PRODUCTS_DIR)/Pitch Perfect.app/Pitch Perfect";
			};
			name = Debug;
		};
		2BDD60381B067FB60099B4C1 /* Release */ = {
			isa = XCBuildConfiguration;
			buildSettings = {
				BUNDLE_LOADER = "$(TEST_HOST)";
				FRAMEWORK_SEARCH_PATHS = (
					"$(SDKROOT)/Developer/Library/Frameworks",
					"$(inherited)",
				);
				INFOPLIST_FILE = "Pitch PerfectTests/Info.plist";
				LD_RUNPATH_SEARCH_PATHS = "$(inherited) @executable_path/Frameworks @loader_path/Frameworks";
				PRODUCT_NAME = "$(TARGET_NAME)";
				TEST_HOST = "$(BUILT_PRODUCTS_DIR)/Pitch Perfect.app/Pitch Perfect";
			};
			name = Release;
		};
/* End XCBuildConfiguration section */

/* Begin XCConfigurationList section */
		2BDD600F1B067FB60099B4C1 /* Build configuration list for PBXProject "Pitch Perfect" */ = {
			isa = XCConfigurationList;
			buildConfigurations = (
				2BDD60311B067FB60099B4C1 /* Debug */,
				2BDD60321B067FB60099B4C1 /* Release */,
			);
			defaultConfigurationIsVisible = 0;
			defaultConfigurationName = Release;
		};
		2BDD60331B067FB60099B4C1 /* Build configuration list for PBXNativeTarget "Pitch Perfect" */ = {
			isa = XCConfigurationList;
			buildConfigurations = (
				2BDD60341B067FB60099B4C1 /* Debug */,
				2BDD60351B067FB60099B4C1 /* Release */,
			);
			defaultConfigurationIsVisible = 0;
			defaultConfigurationName = Release;
		};
		2BDD60361B067FB60099B4C1 /* Build configuration list for PBXNativeTarget "Pitch PerfectTests" */ = {
			isa = XCConfigurationList;
			buildConfigurations = (
				2BDD60371B067FB60099B4C1 /* Debug */,
				2BDD60381B067FB60099B4C1 /* Release */,
			);
			defaultConfigurationIsVisible = 0;
			defaultConfigurationName = Release;
		};
/* End XCConfigurationList section */
	};
	rootObject = 2BDD600C1B067FB60099B4C1 /* Project object */;
}
